
Microsoft Visual Studio Solution File, Format Version 12.00
# Visual Studio Version 17
VisualStudioVersion = 17.10.34707.107
MinimumVisualStudioVersion = 10.0.40219.1
Project("{9A19103F-16F7-4668-BE54-9A1E7A4F7556}") = "ServiceHub.PL", "ServiceHub.PL.csproj", "{735AB014-1487-4270-8D50-ED4E49BDAC9A}"
EndProject
Project("{9A19103F-16F7-4668-BE54-9A1E7A4F7556}") = "ServiceHub.BL", "..\ServiceHub.BL\ServiceHub.BL.csproj", "{4D89009B-EFE6-4346-A9EF-61C9059BC270}"
EndProject
Project("{9A19103F-16F7-4668-BE54-9A1E7A4F7556}") = "ServiceHub.DAL", "..\ServiceHub.DAL\ServiceHub.DAL.csproj", "{46533808-3397-492B-9851-A859828BD6FD}"
EndProject
Global
	GlobalSection(SolutionConfigurationPlatforms) = preSolution
		Debug|Any CPU = Debug|Any CPU
		Release|Any CPU = Release|Any CPU
	EndGlobalSection
	GlobalSection(ProjectConfigurationPlatforms) = postSolution
		{735AB014-1487-4270-8D50-ED4E49BDAC9A}.Debug|Any CPU.ActiveCfg = Debug|Any CPU
		{735AB014-1487-4270-8D50-ED4E49BDAC9A}.Debug|Any CPU.Build.0 = Debug|Any CPU
		{735AB014-1487-4270-8D50-ED4E49BDAC9A}.Release|Any CPU.ActiveCfg = Release|Any CPU
		{735AB014-1487-4270-8D50-ED4E49BDAC9A}.Release|Any CPU.Build.0 = Release|Any CPU
		{4D89009B-EFE6-4346-A9EF-61C9059BC270}.Debug|Any CPU.ActiveCfg = Debug|Any CPU
		{4D89009B-EFE6-4346-A9EF-61C9059BC270}.Debug|Any CPU.Build.0 = Debug|Any CPU
		{4D89009B-EFE6-4346-A9EF-61C9059BC270}.Release|Any CPU.ActiveCfg = Release|Any CPU
		{4D89009B-EFE6-4346-A9EF-61C9059BC270}.Release|Any CPU.Build.0 = Release|Any CPU
		{46533808-3397-492B-9851-A859828BD6FD}.Debug|Any CPU.ActiveCfg = Debug|Any CPU
		{46533808-3397-492B-9851-A859828BD6FD}.Debug|Any CPU.Build.0 = Debug|Any CPU
		{46533808-3397-492B-9851-A859828BD6FD}.Release|Any CPU.ActiveCfg = Release|Any CPU
		{46533808-3397-492B-9851-A859828BD6FD}.Release|Any CPU.Build.0 = Release|Any CPU
	EndGlobalSection
	GlobalSection(SolutionProperties) = preSolution
		HideSolutionNode = FALSE
	EndGlobalSection
	GlobalSection(ExtensibilityGlobals) = postSolution
		SolutionGuid = {2D04E90C-AA21-4EDD-9ABA-4E2E065AAB5D}
	EndGlobalSection
EndGlobal
